
Microsoft Visual Studio Solution File, Format Version 12.00
# Visual Studio Version 17
VisualStudioVersion = 17.13.35931.197 d17.13
MinimumVisualStudioVersion = 10.0.40219.1
Project("{FAE04EC0-301F-11D3-BF4B-00C04F79EFBC}") = "dsa-practice-ram", "dsa-practice-ram\dsa-practice-ram.csproj", "{F88058C7-A69E-4F9F-93DD-60101870ADBF}"
EndProject
Global
	GlobalSection(SolutionConfigurationPlatforms) = preSolution
		Debug|Any CPU = Debug|Any CPU
		Release|Any CPU = Release|Any CPU
	EndGlobalSection
	GlobalSection(ProjectConfigurationPlatforms) = postSolution
		{F88058C7-A69E-4F9F-93DD-60101870ADBF}.Debug|Any CPU.ActiveCfg = Debug|Any CPU
		{F88058C7-A69E-4F9F-93DD-60101870ADBF}.Debug|Any CPU.Build.0 = Debug|Any CPU
		{F88058C7-A69E-4F9F-93DD-60101870ADBF}.Release|Any CPU.ActiveCfg = Release|Any CPU
		{F88058C7-A69E-4F9F-93DD-60101870ADBF}.Release|Any CPU.Build.0 = Release|Any CPU
	EndGlobalSection
	GlobalSection(SolutionProperties) = preSolution
		HideSolutionNode = FALSE
	EndGlobalSection
	GlobalSection(ExtensibilityGlobals) = postSolution
		SolutionGuid = {48A2F79E-8294-460C-B9E8-5289AB3B51C1}
	EndGlobalSection
EndGlobal
