
Microsoft Visual Studio Solution File, Format Version 12.00
# Visual Studio Version 17
VisualStudioVersion = 17.13.35931.197
MinimumVisualStudioVersion = 10.0.40219.1
Project("{FAE04EC0-301F-11D3-BF4B-00C04F79EFBC}") = "CSharpPractice", "CSharpPractice\CSharpPractice.csproj", "{4A1DF08F-3048-4B32-B6AB-5754B79AF94E}"
EndProject
Project("{2150E333-8FDC-42A3-9474-1A3956D46DE8}") = "System Design", "System Design", "{02EA681E-C7D8-13C7-8484-4AC65E1B71E8}"
EndProject
Project("{FAE04EC0-301F-11D3-BF4B-00C04F79EFBC}") = "DsaPractice", "DsaPractice\DsaPractice.csproj", "{2793EE92-6F71-C5B9-2571-B6D06074E63E}"
EndProject
Project("{FAE04EC0-301F-11D3-BF4B-00C04F79EFBC}") = "WpfPracticeApp", "WpfPracticeApp\WpfPracticeApp.csproj", "{4AE1623F-4C88-47B3-B9B5-781E8F6D1B1A}"
EndProject
Global
	GlobalSection(SolutionConfigurationPlatforms) = preSolution
		Debug|Any CPU = Debug|Any CPU
		Release|Any CPU = Release|Any CPU
	EndGlobalSection
	GlobalSection(ProjectConfigurationPlatforms) = postSolution
		{4A1DF08F-3048-4B32-B6AB-5754B79AF94E}.Debug|Any CPU.ActiveCfg = Debug|Any CPU
		{4A1DF08F-3048-4B32-B6AB-5754B79AF94E}.Debug|Any CPU.Build.0 = Debug|Any CPU
		{4A1DF08F-3048-4B32-B6AB-5754B79AF94E}.Release|Any CPU.ActiveCfg = Release|Any CPU
		{4A1DF08F-3048-4B32-B6AB-5754B79AF94E}.Release|Any CPU.Build.0 = Release|Any CPU
		{2793EE92-6F71-C5B9-2571-B6D06074E63E}.Debug|Any CPU.ActiveCfg = Debug|Any CPU
		{2793EE92-6F71-C5B9-2571-B6D06074E63E}.Debug|Any CPU.Build.0 = Debug|Any CPU
		{2793EE92-6F71-C5B9-2571-B6D06074E63E}.Release|Any CPU.ActiveCfg = Release|Any CPU
		{2793EE92-6F71-C5B9-2571-B6D06074E63E}.Release|Any CPU.Build.0 = Release|Any CPU
		{4AE1623F-4C88-47B3-B9B5-781E8F6D1B1A}.Debug|Any CPU.ActiveCfg = Debug|Any CPU
		{4AE1623F-4C88-47B3-B9B5-781E8F6D1B1A}.Debug|Any CPU.Build.0 = Debug|Any CPU
		{4AE1623F-4C88-47B3-B9B5-781E8F6D1B1A}.Release|Any CPU.ActiveCfg = Release|Any CPU
		{4AE1623F-4C88-47B3-B9B5-781E8F6D1B1A}.Release|Any CPU.Build.0 = Release|Any CPU
	EndGlobalSection
	GlobalSection(SolutionProperties) = preSolution
		HideSolutionNode = FALSE
	EndGlobalSection
	GlobalSection(ExtensibilityGlobals) = postSolution
		SolutionGuid = {48A2F79E-8294-460C-B9E8-5289AB3B51C1}
	EndGlobalSection
EndGlobal
